schema: '2.0'
stages:
  prepare:
    cmd: python -m iris_pipeline.data.prepare
    deps:
    - path: src/iris_pipeline/data/prepare.py
      hash: md5
      md5: 9d7868af5142c5d5d4c7a951fb964145
      size: 942
    outs:
    - path: data/iris.csv
      hash: md5
      md5: 013d0da08d6506664ce640459139176b
      size: 3858
  train:
    cmd: python -m iris_pipeline.training.train
    deps:
    - path: data/iris.csv
      hash: md5
      md5: 013d0da08d6506664ce640459139176b
      size: 3858
    - path: src/iris_pipeline/contracts/model_result.py
      hash: md5
      md5: db9debba6e341eb7d43abfd5248a566f
      size: 3535
    - path: src/iris_pipeline/evaluation/offline.py
      hash: md5
      md5: b31b10630216d64cd54d5d8aaa4220fc
      size: 884
    - path: src/iris_pipeline/training/config.py
      hash: md5
      md5: 2bb5b68c4b96b665a253f1aae605b809
      size: 428
    - path: src/iris_pipeline/training/model.py
      hash: md5
      md5: 1ebff68e88457d246be2a2ff3f48f6c3
      size: 886
    - path: src/iris_pipeline/training/train.py
      hash: md5
      md5: 4755eaad190f59f04f63f4e38bb54f79
      size: 8033
    params:
      params.yaml:
        data:
          test_size: 0.2
          random_state: 42
        model:
          c: 1.0
          max_iter: 400
        quality_gate:
          min_accuracy: 0.9
          min_improvement: 0.0
    outs:
    - path: metrics.json
      hash: md5
      md5: 8df54ce63357964d7a7dd95d03ea69ee
      size: 238
    - path: outputs/model-result.json
      hash: md5
      md5: 2d590ffeab696d3766bf1f110ba97a30
      size: 477
